hash: 470b1fff7f1f7b0f73d2751d1bac48c8c954460c0b92cf0cae3215495cf2a398
updated: 2017-02-04T14:19:16.932313744-06:00
imports:
- name: github.com/awalterschulze/gographviz
  version: 057e6a5e9343c1e85264a73798ca7c7a197c8b69
  subpackages:
  - ast
  - errors
  - lexer
  - parser
  - token
- name: github.com/pkg/errors
  version: 645ef00459ed84a119197bfb8d8205042c6df63d
- name: github.com/scgolang/launchpad
  version: 7c654971b7a361729fc27439f3d997da64c8359b
- name: github.com/scgolang/midi
  version: 2c1442e83e6e309e8a6a5fc2fa4f47a2218e3970
- name: github.com/scgolang/osc
  version: 7d8500324cb97d0db8a0e9834fc19799a79637c6
- name: github.com/scgolang/sc
  version: dcfc5935bc6a13c84286dfac072254a0cd28dc41
- name: golang.org/x/net
  version: 41bba8d80bbfab43231ffdf4c210037baae5f6a3
  subpackages:
  - context
- name: golang.org/x/sync
  version: 450f422ab23cf9881c94e2db30cac0eb1b7cf80c
  subpackages:
  - errgroup
testImports: []
